
Microsoft Visual Studio Solution File, Format Version 12.00
# Visual Studio 15
VisualStudioVersion = 15.0.28307.168
MinimumVisualStudioVersion = 10.0.40219.1
Project("{FAE04EC0-301F-11D3-BF4B-00C04F79EFBC}") = "Lab20", "Lab20\Lab20.csproj", "{68015E09-C1D2-4B54-8E82-D5AE5D0805FC}"
EndProject
Global
	GlobalSection(SolutionConfigurationPlatforms) = preSolution
		Debug|Any CPU = Debug|Any CPU
		Release|Any CPU = Release|Any CPU
	EndGlobalSection
	GlobalSection(ProjectConfigurationPlatforms) = postSolution
		{68015E09-C1D2-4B54-8E82-D5AE5D0805FC}.Debug|Any CPU.ActiveCfg = Debug|Any CPU
		{68015E09-C1D2-4B54-8E82-D5AE5D0805FC}.Debug|Any CPU.Build.0 = Debug|Any CPU
		{68015E09-C1D2-4B54-8E82-D5AE5D0805FC}.Release|Any CPU.ActiveCfg = Release|Any CPU
		{68015E09-C1D2-4B54-8E82-D5AE5D0805FC}.Release|Any CPU.Build.0 = Release|Any CPU
	EndGlobalSection
	GlobalSection(SolutionProperties) = preSolution
		HideSolutionNode = FALSE
	EndGlobalSection
	GlobalSection(ExtensibilityGlobals) = postSolution
		SolutionGuid = {96959754-4FF1-4991-9EB7-77F84D3004E9}
	EndGlobalSection
EndGlobal
